
Microsoft Visual Studio Solution File, Format Version 12.00
# Visual Studio 15
VisualStudioVersion = 15.0.28307.705
MinimumVisualStudioVersion = 10.0.40219.1
Project("{9A19103F-16F7-4668-BE54-9A1E7A4F7556}") = "XFBleServerClient.Core", "XFBleServerClient\XFBleServerClient\XFBleServerClient.Core.csproj", "{A982CCF4-5810-4AB5-866B-84EB922248BF}"
EndProject
Project("{FAE04EC0-301F-11D3-BF4B-00C04F79EFBC}") = "XFBleServerClient.Android", "XFBleServerClient\XFBleServerClient.Android\XFBleServerClient.Android.csproj", "{F13067F1-E109-4F85-A772-23D5C5AEEDF2}"
EndProject
Project("{FAE04EC0-301F-11D3-BF4B-00C04F79EFBC}") = "XFBleServerClient.iOS", "XFBleServerClient\XFBleServerClient.iOS\XFBleServerClient.iOS.csproj", "{368B94E8-3973-44FC-93E8-8E1C17BECC80}"
EndProject
Project("{2150E333-8FDC-42A3-9474-1A3956D46DE8}") = "Core", "Core", "{F6750F83-8AE8-4090-9D9E-C8341500B546}"
EndProject
Project("{2150E333-8FDC-42A3-9474-1A3956D46DE8}") = "Platforms", "Platforms", "{9DBEEC7B-E843-4D8C-9F75-543A675D8B4A}"
EndProject
Project("{D954291E-2A0B-460D-934E-DC6B0785DB48}") = "XFBleServerClient.Shared", "XFBleServerClient.Shared\XFBleServerClient.Shared.shproj", "{DE4C4FF9-6DB8-4D84-A8AA-48368D6EA91B}"
EndProject
Project("{2150E333-8FDC-42A3-9474-1A3956D46DE8}") = "Business", "Business", "{1C0A6E57-EED1-4B16-980F-97BCA701FCD6}"
EndProject
Project("{9A19103F-16F7-4668-BE54-9A1E7A4F7556}") = "XFBleServerClient.Entities", "XFBleServerClient.Entities\XFBleServerClient.Entities.csproj", "{1F6E2C88-ABB5-4A96-B61E-86891E535638}"
EndProject
Project("{FAE04EC0-301F-11D3-BF4B-00C04F79EFBC}") = "XFBleServerClient.Managers", "XFBleServerClient.Managers\XFBleServerClient.Managers.csproj", "{8C0C65D1-005F-4DF2-8DE4-19975BFC467C}"
EndProject
Global
	GlobalSection(SharedMSBuildProjectFiles) = preSolution
		XFBleServerClient.Shared\XFBleServerClient.Shared.projitems*{368b94e8-3973-44fc-93e8-8e1c17becc80}*SharedItemsImports = 4
		XFBleServerClient.Shared\XFBleServerClient.Shared.projitems*{de4c4ff9-6db8-4d84-a8aa-48368d6ea91b}*SharedItemsImports = 13
		XFBleServerClient.Shared\XFBleServerClient.Shared.projitems*{f13067f1-e109-4f85-a772-23d5c5aeedf2}*SharedItemsImports = 4
	EndGlobalSection
	GlobalSection(SolutionConfigurationPlatforms) = preSolution
		Ad-Hoc|Any CPU = Ad-Hoc|Any CPU
		Ad-Hoc|iPhone = Ad-Hoc|iPhone
		Ad-Hoc|iPhoneSimulator = Ad-Hoc|iPhoneSimulator
		AppStore|Any CPU = AppStore|Any CPU
		AppStore|iPhone = AppStore|iPhone
		AppStore|iPhoneSimulator = AppStore|iPhoneSimulator
		Debug|Any CPU = Debug|Any CPU
		Debug|iPhone = Debug|iPhone
		Debug|iPhoneSimulator = Debug|iPhoneSimulator
		Release|Any CPU = Release|Any CPU
		Release|iPhone = Release|iPhone
		Release|iPhoneSimulator = Release|iPhoneSimulator
	EndGlobalSection
	GlobalSection(ProjectConfigurationPlatforms) = postSolution
		{A982CCF4-5810-4AB5-866B-84EB922248BF}.Ad-Hoc|Any CPU.ActiveCfg = Debug|Any CPU
		{A982CCF4-5810-4AB5-866B-84EB922248BF}.Ad-Hoc|Any CPU.Build.0 = Debug|Any CPU
		{A982CCF4-5810-4AB5-866B-84EB922248BF}.Ad-Hoc|iPhone.ActiveCfg = Debug|Any CPU
		{A982CCF4-5810-4AB5-866B-84EB922248BF}.Ad-Hoc|iPhone.Build.0 = Debug|Any CPU
		{A982CCF4-5810-4AB5-866B-84EB922248BF}.Ad-Hoc|iPhoneSimulator.ActiveCfg = Debug|Any CPU
		{A982CCF4-5810-4AB5-866B-84EB922248BF}.Ad-Hoc|iPhoneSimulator.Build.0 = Debug|Any CPU
		{A982CCF4-5810-4AB5-866B-84EB922248BF}.AppStore|Any CPU.ActiveCfg = Debug|Any CPU
		{A982CCF4-5810-4AB5-866B-84EB922248BF}.AppStore|Any CPU.Build.0 = Debug|Any CPU
		{A982CCF4-5810-4AB5-866B-84EB922248BF}.AppStore|iPhone.ActiveCfg = Debug|Any CPU
		{A982CCF4-5810-4AB5-866B-84EB922248BF}.AppStore|iPhone.Build.0 = Debug|Any CPU
		{A982CCF4-5810-4AB5-866B-84EB922248BF}.AppStore|iPhoneSimulator.ActiveCfg = Debug|Any CPU
		{A982CCF4-5810-4AB5-866B-84EB922248BF}.AppStore|iPhoneSimulator.Build.0 = Debug|Any CPU
		{A982CCF4-5810-4AB5-866B-84EB922248BF}.Debug|Any CPU.ActiveCfg = Debug|Any CPU
		{A982CCF4-5810-4AB5-866B-84EB922248BF}.Debug|Any CPU.Build.0 = Debug|Any CPU
		{A982CCF4-5810-4AB5-866B-84EB922248BF}.Debug|iPhone.ActiveCfg = Debug|Any CPU
		{A982CCF4-5810-4AB5-866B-84EB922248BF}.Debug|iPhone.Build.0 = Debug|Any CPU
		{A982CCF4-5810-4AB5-866B-84EB922248BF}.Debug|iPhoneSimulator.ActiveCfg = Debug|Any CPU
		{A982CCF4-5810-4AB5-866B-84EB922248BF}.Debug|iPhoneSimulator.Build.0 = Debug|Any CPU
		{A982CCF4-5810-4AB5-866B-84EB922248BF}.Release|Any CPU.ActiveCfg = Release|Any CPU
		{A982CCF4-5810-4AB5-866B-84EB922248BF}.Release|Any CPU.Build.0 = Release|Any CPU
		{A982CCF4-5810-4AB5-866B-84EB922248BF}.Release|iPhone.ActiveCfg = Release|Any CPU
		{A982CCF4-5810-4AB5-866B-84EB922248BF}.Release|iPhone.Build.0 = Release|Any CPU
		{A982CCF4-5810-4AB5-866B-84EB922248BF}.Release|iPhoneSimulator.ActiveCfg = Release|Any CPU
		{A982CCF4-5810-4AB5-866B-84EB922248BF}.Release|iPhoneSimulator.Build.0 = Release|Any CPU
		{F13067F1-E109-4F85-A772-23D5C5AEEDF2}.Ad-Hoc|Any CPU.ActiveCfg = Release|Any CPU
		{F13067F1-E109-4F85-A772-23D5C5AEEDF2}.Ad-Hoc|Any CPU.Build.0 = Release|Any CPU
		{F13067F1-E109-4F85-A772-23D5C5AEEDF2}.Ad-Hoc|Any CPU.Deploy.0 = Release|Any CPU
		{F13067F1-E109-4F85-A772-23D5C5AEEDF2}.Ad-Hoc|iPhone.ActiveCfg = Release|Any CPU
		{F13067F1-E109-4F85-A772-23D5C5AEEDF2}.Ad-Hoc|iPhone.Build.0 = Release|Any CPU
		{F13067F1-E109-4F85-A772-23D5C5AEEDF2}.Ad-Hoc|iPhone.Deploy.0 = Release|Any CPU
		{F13067F1-E109-4F85-A772-23D5C5AEEDF2}.Ad-Hoc|iPhoneSimulator.ActiveCfg = Release|Any CPU
		{F13067F1-E109-4F85-A772-23D5C5AEEDF2}.Ad-Hoc|iPhoneSimulator.Build.0 = Release|Any CPU
		{F13067F1-E109-4F85-A772-23D5C5AEEDF2}.Ad-Hoc|iPhoneSimulator.Deploy.0 = Release|Any CPU
		{F13067F1-E109-4F85-A772-23D5C5AEEDF2}.AppStore|Any CPU.ActiveCfg = Release|Any CPU
		{F13067F1-E109-4F85-A772-23D5C5AEEDF2}.AppStore|Any CPU.Build.0 = Release|Any CPU
		{F13067F1-E109-4F85-A772-23D5C5AEEDF2}.AppStore|Any CPU.Deploy.0 = Release|Any CPU
		{F13067F1-E109-4F85-A772-23D5C5AEEDF2}.AppStore|iPhone.ActiveCfg = Release|Any CPU
		{F13067F1-E109-4F85-A772-23D5C5AEEDF2}.AppStore|iPhone.Build.0 = Release|Any CPU
		{F13067F1-E109-4F85-A772-23D5C5AEEDF2}.AppStore|iPhone.Deploy.0 = Release|Any CPU
		{F13067F1-E109-4F85-A772-23D5C5AEEDF2}.AppStore|iPhoneSimulator.ActiveCfg = Release|Any CPU
		{F13067F1-E109-4F85-A772-23D5C5AEEDF2}.AppStore|iPhoneSimulator.Build.0 = Release|Any CPU
		{F13067F1-E109-4F85-A772-23D5C5AEEDF2}.AppStore|iPhoneSimulator.Deploy.0 = Release|Any CPU
		{F13067F1-E109-4F85-A772-23D5C5AEEDF2}.Debug|Any CPU.ActiveCfg = Debug|Any CPU
		{F13067F1-E109-4F85-A772-23D5C5AEEDF2}.Debug|Any CPU.Build.0 = Debug|Any CPU
		{F13067F1-E109-4F85-A772-23D5C5AEEDF2}.Debug|Any CPU.Deploy.0 = Debug|Any CPU
		{F13067F1-E109-4F85-A772-23D5C5AEEDF2}.Debug|iPhone.ActiveCfg = Debug|Any CPU
		{F13067F1-E109-4F85-A772-23D5C5AEEDF2}.Debug|iPhone.Build.0 = Debug|Any CPU
		{F13067F1-E109-4F85-A772-23D5C5AEEDF2}.Debug|iPhone.Deploy.0 = Debug|Any CPU
		{F13067F1-E109-4F85-A772-23D5C5AEEDF2}.Debug|iPhoneSimulator.ActiveCfg = Debug|Any CPU
		{F13067F1-E109-4F85-A772-23D5C5AEEDF2}.Debug|iPhoneSimulator.Build.0 = Debug|Any CPU
		{F13067F1-E109-4F85-A772-23D5C5AEEDF2}.Debug|iPhoneSimulator.Deploy.0 = Debug|Any CPU
		{F13067F1-E109-4F85-A772-23D5C5AEEDF2}.Release|Any CPU.ActiveCfg = Release|Any CPU
		{F13067F1-E109-4F85-A772-23D5C5AEEDF2}.Release|Any CPU.Build.0 = Release|Any CPU
		{F13067F1-E109-4F85-A772-23D5C5AEEDF2}.Release|Any CPU.Deploy.0 = Release|Any CPU
		{F13067F1-E109-4F85-A772-23D5C5AEEDF2}.Release|iPhone.ActiveCfg = Release|Any CPU
		{F13067F1-E109-4F85-A772-23D5C5AEEDF2}.Release|iPhone.Build.0 = Release|Any CPU
		{F13067F1-E109-4F85-A772-23D5C5AEEDF2}.Release|iPhone.Deploy.0 = Release|Any CPU
		{F13067F1-E109-4F85-A772-23D5C5AEEDF2}.Release|iPhoneSimulator.ActiveCfg = Release|Any CPU
		{F13067F1-E109-4F85-A772-23D5C5AEEDF2}.Release|iPhoneSimulator.Build.0 = Release|Any CPU
		{F13067F1-E109-4F85-A772-23D5C5AEEDF2}.Release|iPhoneSimulator.Deploy.0 = Release|Any CPU
		{368B94E8-3973-44FC-93E8-8E1C17BECC80}.Ad-Hoc|Any CPU.ActiveCfg = Ad-Hoc|iPhone
		{368B94E8-3973-44FC-93E8-8E1C17BECC80}.Ad-Hoc|iPhone.ActiveCfg = Ad-Hoc|iPhone
		{368B94E8-3973-44FC-93E8-8E1C17BECC80}.Ad-Hoc|iPhone.Build.0 = Ad-Hoc|iPhone
		{368B94E8-3973-44FC-93E8-8E1C17BECC80}.Ad-Hoc|iPhoneSimulator.ActiveCfg = Ad-Hoc|iPhoneSimulator
		{368B94E8-3973-44FC-93E8-8E1C17BECC80}.Ad-Hoc|iPhoneSimulator.Build.0 = Ad-Hoc|iPhoneSimulator
		{368B94E8-3973-44FC-93E8-8E1C17BECC80}.AppStore|Any CPU.ActiveCfg = AppStore|iPhone
		{368B94E8-3973-44FC-93E8-8E1C17BECC80}.AppStore|iPhone.ActiveCfg = AppStore|iPhone
		{368B94E8-3973-44FC-93E8-8E1C17BECC80}.AppStore|iPhone.Build.0 = AppStore|iPhone
		{368B94E8-3973-44FC-93E8-8E1C17BECC80}.AppStore|iPhoneSimulator.ActiveCfg = AppStore|iPhoneSimulator
		{368B94E8-3973-44FC-93E8-8E1C17BECC80}.AppStore|iPhoneSimulator.Build.0 = AppStore|iPhoneSimulator
		{368B94E8-3973-44FC-93E8-8E1C17BECC80}.Debug|Any CPU.ActiveCfg = Debug|iPhone
		{368B94E8-3973-44FC-93E8-8E1C17BECC80}.Debug|iPhone.ActiveCfg = Debug|iPhone
		{368B94E8-3973-44FC-93E8-8E1C17BECC80}.Debug|iPhone.Build.0 = Debug|iPhone
		{368B94E8-3973-44FC-93E8-8E1C17BECC80}.Debug|iPhoneSimulator.ActiveCfg = Debug|iPhoneSimulator
		{368B94E8-3973-44FC-93E8-8E1C17BECC80}.Debug|iPhoneSimulator.Build.0 = Debug|iPhoneSimulator
		{368B94E8-3973-44FC-93E8-8E1C17BECC80}.Release|Any CPU.ActiveCfg = Release|iPhone
		{368B94E8-3973-44FC-93E8-8E1C17BECC80}.Release|iPhone.ActiveCfg = Release|iPhone
		{368B94E8-3973-44FC-93E8-8E1C17BECC80}.Release|iPhone.Build.0 = Release|iPhone
		{368B94E8-3973-44FC-93E8-8E1C17BECC80}.Release|iPhoneSimulator.ActiveCfg = Release|iPhoneSimulator
		{368B94E8-3973-44FC-93E8-8E1C17BECC80}.Release|iPhoneSimulator.Build.0 = Release|iPhoneSimulator
		{1F6E2C88-ABB5-4A96-B61E-86891E535638}.Ad-Hoc|Any CPU.ActiveCfg = Debug|Any CPU
		{1F6E2C88-ABB5-4A96-B61E-86891E535638}.Ad-Hoc|Any CPU.Build.0 = Debug|Any CPU
		{1F6E2C88-ABB5-4A96-B61E-86891E535638}.Ad-Hoc|iPhone.ActiveCfg = Debug|Any CPU
		{1F6E2C88-ABB5-4A96-B61E-86891E535638}.Ad-Hoc|iPhone.Build.0 = Debug|Any CPU
		{1F6E2C88-ABB5-4A96-B61E-86891E535638}.Ad-Hoc|iPhoneSimulator.ActiveCfg = Debug|Any CPU
		{1F6E2C88-ABB5-4A96-B61E-86891E535638}.Ad-Hoc|iPhoneSimulator.Build.0 = Debug|Any CPU
		{1F6E2C88-ABB5-4A96-B61E-86891E535638}.AppStore|Any CPU.ActiveCfg = Debug|Any CPU
		{1F6E2C88-ABB5-4A96-B61E-86891E535638}.AppStore|Any CPU.Build.0 = Debug|Any CPU
		{1F6E2C88-ABB5-4A96-B61E-86891E535638}.AppStore|iPhone.ActiveCfg = Debug|Any CPU
		{1F6E2C88-ABB5-4A96-B61E-86891E535638}.AppStore|iPhone.Build.0 = Debug|Any CPU
		{1F6E2C88-ABB5-4A96-B61E-86891E535638}.AppStore|iPhoneSimulator.ActiveCfg = Debug|Any CPU
		{1F6E2C88-ABB5-4A96-B61E-86891E535638}.AppStore|iPhoneSimulator.Build.0 = Debug|Any CPU
		{1F6E2C88-ABB5-4A96-B61E-86891E535638}.Debug|Any CPU.ActiveCfg = Debug|Any CPU
		{1F6E2C88-ABB5-4A96-B61E-86891E535638}.Debug|Any CPU.Build.0 = Debug|Any CPU
		{1F6E2C88-ABB5-4A96-B61E-86891E535638}.Debug|iPhone.ActiveCfg = Debug|Any CPU
		{1F6E2C88-ABB5-4A96-B61E-86891E535638}.Debug|iPhone.Build.0 = Debug|Any CPU
		{1F6E2C88-ABB5-4A96-B61E-86891E535638}.Debug|iPhoneSimulator.ActiveCfg = Debug|Any CPU
		{1F6E2C88-ABB5-4A96-B61E-86891E535638}.Debug|iPhoneSimulator.Build.0 = Debug|Any CPU
		{1F6E2C88-ABB5-4A96-B61E-86891E535638}.Release|Any CPU.ActiveCfg = Release|Any CPU
		{1F6E2C88-ABB5-4A96-B61E-86891E535638}.Release|Any CPU.Build.0 = Release|Any CPU
		{1F6E2C88-ABB5-4A96-B61E-86891E535638}.Release|iPhone.ActiveCfg = Release|Any CPU
		{1F6E2C88-ABB5-4A96-B61E-86891E535638}.Release|iPhone.Build.0 = Release|Any CPU
		{1F6E2C88-ABB5-4A96-B61E-86891E535638}.Release|iPhoneSimulator.ActiveCfg = Release|Any CPU
		{1F6E2C88-ABB5-4A96-B61E-86891E535638}.Release|iPhoneSimulator.Build.0 = Release|Any CPU
		{8C0C65D1-005F-4DF2-8DE4-19975BFC467C}.Ad-Hoc|Any CPU.ActiveCfg = Debug|Any CPU
		{8C0C65D1-005F-4DF2-8DE4-19975BFC467C}.Ad-Hoc|Any CPU.Build.0 = Debug|Any CPU
		{8C0C65D1-005F-4DF2-8DE4-19975BFC467C}.Ad-Hoc|iPhone.ActiveCfg = Debug|Any CPU
		{8C0C65D1-005F-4DF2-8DE4-19975BFC467C}.Ad-Hoc|iPhone.Build.0 = Debug|Any CPU
		{8C0C65D1-005F-4DF2-8DE4-19975BFC467C}.Ad-Hoc|iPhoneSimulator.ActiveCfg = Debug|Any CPU
		{8C0C65D1-005F-4DF2-8DE4-19975BFC467C}.Ad-Hoc|iPhoneSimulator.Build.0 = Debug|Any CPU
		{8C0C65D1-005F-4DF2-8DE4-19975BFC467C}.AppStore|Any CPU.ActiveCfg = Debug|Any CPU
		{8C0C65D1-005F-4DF2-8DE4-19975BFC467C}.AppStore|Any CPU.Build.0 = Debug|Any CPU
		{8C0C65D1-005F-4DF2-8DE4-19975BFC467C}.AppStore|iPhone.ActiveCfg = Debug|Any CPU
		{8C0C65D1-005F-4DF2-8DE4-19975BFC467C}.AppStore|iPhone.Build.0 = Debug|Any CPU
		{8C0C65D1-005F-4DF2-8DE4-19975BFC467C}.AppStore|iPhoneSimulator.ActiveCfg = Debug|Any CPU
		{8C0C65D1-005F-4DF2-8DE4-19975BFC467C}.AppStore|iPhoneSimulator.Build.0 = Debug|Any CPU
		{8C0C65D1-005F-4DF2-8DE4-19975BFC467C}.Debug|Any CPU.ActiveCfg = Debug|Any CPU
		{8C0C65D1-005F-4DF2-8DE4-19975BFC467C}.Debug|Any CPU.Build.0 = Debug|Any CPU
		{8C0C65D1-005F-4DF2-8DE4-19975BFC467C}.Debug|iPhone.ActiveCfg = Debug|Any CPU
		{8C0C65D1-005F-4DF2-8DE4-19975BFC467C}.Debug|iPhone.Build.0 = Debug|Any CPU
		{8C0C65D1-005F-4DF2-8DE4-19975BFC467C}.Debug|iPhoneSimulator.ActiveCfg = Debug|Any CPU
		{8C0C65D1-005F-4DF2-8DE4-19975BFC467C}.Debug|iPhoneSimulator.Build.0 = Debug|Any CPU
		{8C0C65D1-005F-4DF2-8DE4-19975BFC467C}.Release|Any CPU.ActiveCfg = Release|Any CPU
		{8C0C65D1-005F-4DF2-8DE4-19975BFC467C}.Release|Any CPU.Build.0 = Release|Any CPU
		{8C0C65D1-005F-4DF2-8DE4-19975BFC467C}.Release|iPhone.ActiveCfg = Release|Any CPU
		{8C0C65D1-005F-4DF2-8DE4-19975BFC467C}.Release|iPhone.Build.0 = Release|Any CPU
		{8C0C65D1-005F-4DF2-8DE4-19975BFC467C}.Release|iPhoneSimulator.ActiveCfg = Release|Any CPU
		{8C0C65D1-005F-4DF2-8DE4-19975BFC467C}.Release|iPhoneSimulator.Build.0 = Release|Any CPU
	EndGlobalSection
	GlobalSection(SolutionProperties) = preSolution
		HideSolutionNode = FALSE
	EndGlobalSection
	GlobalSection(NestedProjects) = preSolution
		{A982CCF4-5810-4AB5-866B-84EB922248BF} = {F6750F83-8AE8-4090-9D9E-C8341500B546}
		{F13067F1-E109-4F85-A772-23D5C5AEEDF2} = {9DBEEC7B-E843-4D8C-9F75-543A675D8B4A}
		{368B94E8-3973-44FC-93E8-8E1C17BECC80} = {9DBEEC7B-E843-4D8C-9F75-543A675D8B4A}
		{DE4C4FF9-6DB8-4D84-A8AA-48368D6EA91B} = {F6750F83-8AE8-4090-9D9E-C8341500B546}
		{1F6E2C88-ABB5-4A96-B61E-86891E535638} = {1C0A6E57-EED1-4B16-980F-97BCA701FCD6}
		{8C0C65D1-005F-4DF2-8DE4-19975BFC467C} = {1C0A6E57-EED1-4B16-980F-97BCA701FCD6}
	EndGlobalSection
	GlobalSection(ExtensibilityGlobals) = postSolution
		SolutionGuid = {F1C13927-3D1F-4B3E-BBDD-F239D60864CD}
	EndGlobalSection
EndGlobal
